{
    "_readme": [
        "This file locks the dependencies of your project to a known state",
        "Read more about it at http://getcomposer.org/doc/01-basic-usage.md#composer-lock-the-lock-file"
    ],
    "hash": "3c971fb9bdb09ca35506eb9ef4551c15",
    "packages": [
        {
            "name": "cartalyst/data-grid",
            "version": "dev-feature/cleanup",
            "source": {
                "type": "git",
                "url": "git@github.com:cartalyst/data-grid.git",
                "reference": "70d040626a64765e9ccf4a4e70585754bd613c13"
            },
            "dist": {
                "type": "zip",
                "url": "https://api.github.com/repos/cartalyst/data-grid/zipball/70d040626a64765e9ccf4a4e70585754bd613c13",
                "reference": "70d040626a64765e9ccf4a4e70585754bd613c13",
                "shasum": ""
            },
            "require": {
                "illuminate/support": "~4",
                "php": ">=5.3.0",
                "symfony/http-foundation": "2.5.*"
            },
            "require-dev": {
                "illuminate/database": "~4.1",
                "mockery/mockery": "~0.9",
                "phpunit/phpunit": "~4.0"
            },
            "suggest": {
                "dompdf/dompdf": "Download your data as PDF files."
            },
            "type": "library",
            "extra": {
                "component": "package",
                "branch-alias": {
                    "dev-master": "2.0.x-dev"
                }
            },
            "autoload": {
                "psr-4": {
                    "Cartalyst\\DataGrid\\": "src"
                }
            },
            "license": [
                "proprietary"
            ],
            "authors": [
                {
                    "name": "Cartalyst LLC",
                    "email": "help@cartalyst.com"
                },
                {
                    "name": "Ben Corlett",
                    "email": "ben.corlett@cartalyst.com",
                    "role": "Developer"
                },
                {
                    "name": "Bruno Gaspar",
                    "email": "bruno.gaspar@cartalyst.com",
                    "role": "Developer"
                },
                {
                    "name": "Dan Syme",
                    "email": "dan.syme@cartalyst.com",
                    "role": "Project Lead"
                },
                {
                    "name": "Suhayb Wardany",
                    "email": "su.wardany@cartalyst.com",
                    "role": "Developer"
                }
            ],
            "description": "HTML markup templating on the client side, simple API on the server side. Incredibly simple and easy to use.",
            "keywords": [
                "cartalyst",
                "data grid",
                "laravel",
                "php"
            ],
            "support": {
                "source": "https://github.com/cartalyst/data-grid/tree/feature/cleanup",
                "issues": "https://github.com/cartalyst/data-grid/issues"
            },
            "time": "2014-05-19 15:32:53"
        },
        {
            "name": "illuminate/support",
            "version": "dev-master",
            "target-dir": "Illuminate/Support",
            "source": {
                "type": "git",
                "url": "https://github.com/illuminate/support.git",
                "reference": "4f2ec54c3e55fff43ae8c87fd8015c806e21a073"
            },
            "dist": {
                "type": "zip",
                "url": "https://api.github.com/repos/illuminate/support/zipball/4f2ec54c3e55fff43ae8c87fd8015c806e21a073",
                "reference": "4f2ec54c3e55fff43ae8c87fd8015c806e21a073",
                "shasum": ""
            },
            "require": {
                "php": ">=5.4.0"
            },
            "require-dev": {
                "jeremeamia/superclosure": "~1.0",
                "mockery/mockery": "0.9.*",
                "patchwork/utf8": "1.1.*",
                "phpunit/phpunit": "4.0.*"
            },
            "type": "library",
            "extra": {
                "branch-alias": {
                    "dev-master": "4.3-dev"
                }
            },
            "autoload": {
                "psr-0": {
                    "Illuminate\\Support": ""
                },
                "files": [
                    "Illuminate/Support/helpers.php"
                ]
            },
            "notification-url": "https://packagist.org/downloads/",
            "license": [
                "MIT"
            ],
            "authors": [
                {
                    "name": "Taylor Otwell",
                    "email": "taylorotwell@gmail.com",
                    "homepage": "https://github.com/taylorotwell",
                    "role": "Creator of Laravel"
                }
            ],
            "time": "2014-05-09 18:22:55"
        },
        {
            "name": "symfony/http-foundation",
            "version": "dev-master",
            "target-dir": "Symfony/Component/HttpFoundation",
            "source": {
                "type": "git",
                "url": "https://github.com/symfony/HttpFoundation.git",
                "reference": "8fa350478681c3ee707106afbe04be80add2b3ff"
            },
            "dist": {
                "type": "zip",
                "url": "https://api.github.com/repos/symfony/HttpFoundation/zipball/8fa350478681c3ee707106afbe04be80add2b3ff",
                "reference": "8fa350478681c3ee707106afbe04be80add2b3ff",
                "shasum": ""
            },
            "require": {
                "php": ">=5.3.3"
            },
            "require-dev": {
                "symfony/expression-language": "~2.4"
            },
            "type": "library",
            "extra": {
                "branch-alias": {
                    "dev-master": "2.5-dev"
                }
            },
            "autoload": {
                "psr-0": {
                    "Symfony\\Component\\HttpFoundation\\": ""
                },
                "classmap": [
                    "Symfony/Component/HttpFoundation/Resources/stubs"
                ]
            },
            "notification-url": "https://packagist.org/downloads/",
            "license": [
                "MIT"
            ],
            "authors": [
                {
                    "name": "Fabien Potencier",
                    "email": "fabien@symfony.com",
                    "homepage": "http://fabien.potencier.org",
                    "role": "Lead Developer"
                },
                {
                    "name": "Symfony Community",
                    "homepage": "http://symfony.com/contributors"
                }
            ],
            "description": "Symfony HttpFoundation Component",
            "homepage": "http://symfony.com",
            "time": "2014-04-28 17:44:51"
        }
    ],
    "packages-dev": [

    ],
    "aliases": [

    ],
    "minimum-stability": "dev",
    "stability-flags": {
        "cartalyst/data-grid": 20
    },
    "platform": [

    ],
    "platform-dev": [

    ]
}
